// !$*UTF8*$!
{
	archiveVersion = 1;
	classes = {
	};
	objectVersion = 50;
	objects = {

/* Begin PBXBuildFile section */
		9BB86821223872C500FEED63 /* AppDelegate.swift in Sources */ = {isa = PBXBuildFile; fileRef = 9BB86820223872C500FEED63 /* AppDelegate.swift */; };
		9BB86823223872C500FEED63 /* ViewController.swift in Sources */ = {isa = PBXBuildFile; fileRef = 9BB86822223872C500FEED63 /* ViewController.swift */; };
		9BB86826223872C500FEED63 /* Main.storyboard in Resources */ = {isa = PBXBuildFile; fileRef = 9BB86824223872C500FEED63 /* Main.storyboard */; };
		9BB86828223872C600FEED63 /* Assets.xcassets in Resources */ = {isa = PBXBuildFile; fileRef = 9BB86827223872C600FEED63 /* Assets.xcassets */; };
		9BB8682B223872C600FEED63 /* LaunchScreen.storyboard in Resources */ = {isa = PBXBuildFile; fileRef = 9BB86829223872C600FEED63 /* LaunchScreen.storyboard */; };
		9BB86836223872C600FEED63 /* Day9_W2019_iOS_PListTests.swift in Sources */ = {isa = PBXBuildFile; fileRef = 9BB86835223872C600FEED63 /* Day9_W2019_iOS_PListTests.swift */; };
		9BB86841223872C600FEED63 /* Day9_W2019_iOS_PListUITests.swift in Sources */ = {isa = PBXBuildFile; fileRef = 9BB86840223872C600FEED63 /* Day9_W2019_iOS_PListUITests.swift */; };
/* End PBXBuildFile section */

/* Begin PBXContainerItemProxy section */
		9BB86832223872C600FEED63 /* PBXContainerItemProxy */ = {
			isa = PBXContainerItemProxy;
			containerPortal = 9BB86815223872C500FEED63 /* Project object */;
			proxyType = 1;
			remoteGlobalIDString = 9BB8681C223872C500FEED63;
			remoteInfo = Day9_W2019_iOS_PList;
		};
		9BB8683D223872C600FEED63 /* PBXContainerItemProxy */ = {
			isa = PBXContainerItemProxy;
			containerPortal = 9BB86815223872C500FEED63 /* Project object */;
			proxyType = 1;
			remoteGlobalIDString = 9BB8681C223872C500FEED63;
			remoteInfo = Day9_W2019_iOS_PList;
		};
/* End PBXContainerItemProxy section */

/* Begin PBXFileReference section */
		9BB8681D223872C500FEED63 /* Day9_W2019_iOS_PList.app */ = {isa = PBXFileReference; explicitFileType = wrapper.application; includeInIndex = 0; path = Day9_W2019_iOS_PList.app; sourceTree = BUILT_PRODUCTS_DIR; };
		9BB86820223872C500FEED63 /* AppDelegate.swift */ = {isa = PBXFileReference; lastKnownFileType = sourcecode.swift; path = AppDelegate.swift; sourceTree = "<group>"; };
		9BB86822223872C500FEED63 /* ViewController.swift */ = {isa = PBXFileReference; lastKnownFileType = sourcecode.swift; path = ViewController.swift; sourceTree = "<group>"; };
		9BB86825223872C500FEED63 /* Base */ = {isa = PBXFileReference; lastKnownFileType = file.storyboard; name = Base; path = Base.lproj/Main.storyboard; sourceTree = "<group>"; };
		9BB86827223872C600FEED63 /* Assets.xcassets */ = {isa = PBXFileReference; lastKnownFileType = folder.assetcatalog; path = Assets.xcassets; sourceTree = "<group>"; };
		9BB8682A223872C600FEED63 /* Base */ = {isa = PBXFileReference; lastKnownFileType = file.storyboard; name = Base; path = Base.lproj/LaunchScreen.storyboard; sourceTree = "<group>"; };
		9BB8682C223872C600FEED63 /* Info.plist */ = {isa = PBXFileReference; lastKnownFileType = text.plist.xml; path = Info.plist; sourceTree = "<group>"; };
		9BB86831223872C600FEED63 /* Day9_W2019_iOS_PListTests.xctest */ = {isa = PBXFileReference; explicitFileType = wrapper.cfbundle; includeInIndex = 0; path = Day9_W2019_iOS_PListTests.xctest; sourceTree = BUILT_PRODUCTS_DIR; };
		9BB86835223872C600FEED63 /* Day9_W2019_iOS_PListTests.swift */ = {isa = PBXFileReference; lastKnownFileType = sourcecode.swift; path = Day9_W2019_iOS_PListTests.swift; sourceTree = "<group>"; };
		9BB86837223872C600FEED63 /* Info.plist */ = {isa = PBXFileReference; lastKnownFileType = text.plist.xml; path = Info.plist; sourceTree = "<group>"; };
		9BB8683C223872C600FEED63 /* Day9_W2019_iOS_PListUITests.xctest */ = {isa = PBXFileReference; explicitFileType = wrapper.cfbundle; includeInIndex = 0; path = Day9_W2019_iOS_PListUITests.xctest; sourceTree = BUILT_PRODUCTS_DIR; };
		9BB86840223872C600FEED63 /* Day9_W2019_iOS_PListUITests.swift */ = {isa = PBXFileReference; lastKnownFileType = sourcecode.swift; path = Day9_W2019_iOS_PListUITests.swift; sourceTree = "<group>"; };
		9BB86842223872C600FEED63 /* Info.plist */ = {isa = PBXFileReference; lastKnownFileType = text.plist.xml; path = Info.plist; sourceTree = "<group>"; };
/* End PBXFileReference section */

/* Begin PBXFrameworksBuildPhase section */
		9BB8681A223872C500FEED63 /* Frameworks */ = {
			isa = PBXFrameworksBuildPhase;
			buildActionMask = 2147483647;
			files = (
			);
			runOnlyForDeploymentPostprocessing = 0;
		};
		9BB8682E223872C600FEED63 /* Frameworks */ = {
			isa = PBXFrameworksBuildPhase;
			buildActionMask = 2147483647;
			files = (
			);
			runOnlyForDeploymentPostprocessing = 0;
		};
		9BB86839223872C600FEED63 /* Frameworks */ = {
			isa = PBXFrameworksBuildPhase;
			buildActionMask = 2147483647;
			files = (
			);
			runOnlyForDeploymentPostprocessing = 0;
		};
/* End PBXFrameworksBuildPhase section */

/* Begin PBXGroup section */
		9BB86814223872C500FEED63 = {
			isa = PBXGroup;
			children = (
				9BB8681F223872C500FEED63 /* Day9_W2019_iOS_PList */,
				9BB86834223872C600FEED63 /* Day9_W2019_iOS_PListTests */,
				9BB8683F223872C600FEED63 /* Day9_W2019_iOS_PListUITests */,
				9BB8681E223872C500FEED63 /* Products */,
			);
			sourceTree = "<group>";
		};
		9BB8681E223872C500FEED63 /* Products */ = {
			isa = PBXGroup;
			children = (
				9BB8681D223872C500FEED63 /* Day9_W2019_iOS_PList.app */,
				9BB86831223872C600FEED63 /* Day9_W2019_iOS_PListTests.xctest */,
				9BB8683C223872C600FEED63 /* Day9_W2019_iOS_PListUITests.xctest */,
			);
			name = Products;
			sourceTree = "<group>";
		};
		9BB8681F223872C500FEED63 /* Day9_W2019_iOS_PList */ = {
			isa = PBXGroup;
			children = (
				9BB86820223872C500FEED63 /* AppDelegate.swift */,
				9BB86822223872C500FEED63 /* ViewController.swift */,
				9BB86824223872C500FEED63 /* Main.storyboard */,
				9BB86827223872C600FEED63 /* Assets.xcassets */,
				9BB86829223872C600FEED63 /* LaunchScreen.storyboard */,
				9BB8682C223872C600FEED63 /* Info.plist */,
			);
			path = Day9_W2019_iOS_PList;
			sourceTree = "<group>";
		};
		9BB86834223872C600FEED63 /* Day9_W2019_iOS_PListTests */ = {
			isa = PBXGroup;
			children = (
				9BB86835223872C600FEED63 /* Day9_W2019_iOS_PListTests.swift */,
				9BB86837223872C600FEED63 /* Info.plist */,
			);
			path = Day9_W2019_iOS_PListTests;
			sourceTree = "<group>";
		};
		9BB8683F223872C600FEED63 /* Day9_W2019_iOS_PListUITests */ = {
			isa = PBXGroup;
			children = (
				9BB86840223872C600FEED63 /* Day9_W2019_iOS_PListUITests.swift */,
				9BB86842223872C600FEED63 /* Info.plist */,
			);
			path = Day9_W2019_iOS_PListUITests;
			sourceTree = "<group>";
		};
/* End PBXGroup section */

/* Begin PBXNativeTarget section */
		9BB8681C223872C500FEED63 /* Day9_W2019_iOS_PList */ = {
			isa = PBXNativeTarget;
			buildConfigurationList = 9BB86845223872C600FEED63 /* Build configuration list for PBXNativeTarget "Day9_W2019_iOS_PList" */;
			buildPhases = (
				9BB86819223872C500FEED63 /* Sources */,
				9BB8681A223872C500FEED63 /* Frameworks */,
				9BB8681B223872C500FEED63 /* Resources */,
			);
			buildRules = (
			);
			dependencies = (
			);
			name = Day9_W2019_iOS_PList;
			productName = Day9_W2019_iOS_PList;
			productReference = 9BB8681D223872C500FEED63 /* Day9_W2019_iOS_PList.app */;
			productType = "com.apple.product-type.application";
		};
		9BB86830223872C600FEED63 /* Day9_W2019_iOS_PListTests */ = {
			isa = PBXNativeTarget;
			buildConfigurationList = 9BB86848223872C600FEED63 /* Build configuration list for PBXNativeTarget "Day9_W2019_iOS_PListTests" */;
			buildPhases = (
				9BB8682D223872C600FEED63 /* Sources */,
				9BB8682E223872C600FEED63 /* Frameworks */,
				9BB8682F223872C600FEED63 /* Resources */,
			);
			buildRules = (
			);
			dependencies = (
				9BB86833223872C600FEED63 /* PBXTargetDependency */,
			);
			name = Day9_W2019_iOS_PListTests;
			productName = Day9_W2019_iOS_PListTests;
			productReference = 9BB86831223872C600FEED63 /* Day9_W2019_iOS_PListTests.xctest */;
			productType = "com.apple.product-type.bundle.unit-test";
		};
		9BB8683B223872C600FEED63 /* Day9_W2019_iOS_PListUITests */ = {
			isa = PBXNativeTarget;
			buildConfigurationList = 9BB8684B223872C600FEED63 /* Build configuration list for PBXNativeTarget "Day9_W2019_iOS_PListUITests" */;
			buildPhases = (
				9BB86838223872C600FEED63 /* Sources */,
				9BB86839223872C600FEED63 /* Frameworks */,
				9BB8683A223872C600FEED63 /* Resources */,
			);
			buildRules = (
			);
			dependencies = (
				9BB8683E223872C600FEED63 /* PBXTargetDependency */,
			);
			name = Day9_W2019_iOS_PListUITests;
			productName = Day9_W2019_iOS_PListUITests;
			productReference = 9BB8683C223872C600FEED63 /* Day9_W2019_iOS_PListUITests.xctest */;
			productType = "com.apple.product-type.bundle.ui-testing";
		};
/* End PBXNativeTarget section */

/* Begin PBXProject section */
		9BB86815223872C500FEED63 /* Project object */ = {
			isa = PBXProject;
			attributes = {
				LastSwiftUpdateCheck = 1010;
				LastUpgradeCheck = 1010;
				ORGANIZATIONNAME = MacStudent;
				TargetAttributes = {
					9BB8681C223872C500FEED63 = {
						CreatedOnToolsVersion = 10.1;
					};
					9BB86830223872C600FEED63 = {
						CreatedOnToolsVersion = 10.1;
						TestTargetID = 9BB8681C223872C500FEED63;
					};
					9BB8683B223872C600FEED63 = {
						CreatedOnToolsVersion = 10.1;
						TestTargetID = 9BB8681C223872C500FEED63;
					};
				};
			};
			buildConfigurationList = 9BB86818223872C500FEED63 /* Build configuration list for PBXProject "Day9_W2019_iOS_PList" */;
			compatibilityVersion = "Xcode 9.3";
			developmentRegion = en;
			hasScannedForEncodings = 0;
			knownRegions = (
				en,
				Base,
			);
			mainGroup = 9BB86814223872C500FEED63;
			productRefGroup = 9BB8681E223872C500FEED63 /* Products */;
			projectDirPath = "";
			projectRoot = "";
			targets = (
				9BB8681C223872C500FEED63 /* Day9_W2019_iOS_PList */,
				9BB86830223872C600FEED63 /* Day9_W2019_iOS_PListTests */,
				9BB8683B223872C600FEED63 /* Day9_W2019_iOS_PListUITests */,
			);
		};
/* End PBXProject section */

/* Begin PBXResourcesBuildPhase section */
		9BB8681B223872C500FEED63 /* Resources */ = {
			isa = PBXResourcesBuildPhase;
			buildActionMask = 2147483647;
			files = (
				9BB8682B223872C600FEED63 /* LaunchScreen.storyboard in Resources */,
				9BB86828223872C600FEED63 /* Assets.xcassets in Resources */,
				9BB86826223872C500FEED63 /* Main.storyboard in Resources */,
			);
			runOnlyForDeploymentPostprocessing = 0;
		};
		9BB8682F223872C600FEED63 /* Resources */ = {
			isa = PBXResourcesBuildPhase;
			buildActionMask = 2147483647;
			files = (
			);
			runOnlyForDeploymentPostprocessing = 0;
		};
		9BB8683A223872C600FEED63 /* Resources */ = {
			isa = PBXResourcesBuildPhase;
			buildActionMask = 2147483647;
			files = (
			);
			runOnlyForDeploymentPostprocessing = 0;
		};
/* End PBXResourcesBuildPhase section */

/* Begin PBXSourcesBuildPhase section */
		9BB86819223872C500FEED63 /* Sources */ = {
			isa = PBXSourcesBuildPhase;
			buildActionMask = 2147483647;
			files = (
				9BB86823223872C500FEED63 /* ViewController.swift in Sources */,
				9BB86821223872C500FEED63 /* AppDelegate.swift in Sources */,
			);
			runOnlyForDeploymentPostprocessing = 0;
		};
		9BB8682D223872C600FEED63 /* Sources */ = {
			isa = PBXSourcesBuildPhase;
			buildActionMask = 2147483647;
			files = (
				9BB86836223872C600FEED63 /* Day9_W2019_iOS_PListTests.swift in Sources */,
			);
			runOnlyForDeploymentPostprocessing = 0;
		};
		9BB86838223872C600FEED63 /* Sources */ = {
			isa = PBXSourcesBuildPhase;
			buildActionMask = 2147483647;
			files = (
				9BB86841223872C600FEED63 /* Day9_W2019_iOS_PListUITests.swift in Sources */,
			);
			runOnlyForDeploymentPostprocessing = 0;
		};
/* End PBXSourcesBuildPhase section */

/* Begin PBXTargetDependency section */
		9BB86833223872C600FEED63 /* PBXTargetDependency */ = {
			isa = PBXTargetDependency;
			target = 9BB8681C223872C500FEED63 /* Day9_W2019_iOS_PList */;
			targetProxy = 9BB86832223872C600FEED63 /* PBXContainerItemProxy */;
		};
		9BB8683E223872C600FEED63 /* PBXTargetDependency */ = {
			isa = PBXTargetDependency;
			target = 9BB8681C223872C500FEED63 /* Day9_W2019_iOS_PList */;
			targetProxy = 9BB8683D223872C600FEED63 /* PBXContainerItemProxy */;
		};
/* End PBXTargetDependency section */

/* Begin PBXVariantGroup section */
		9BB86824223872C500FEED63 /* Main.storyboard */ = {
			isa = PBXVariantGroup;
			children = (
				9BB86825223872C500FEED63 /* Base */,
			);
			name = Main.storyboard;
			sourceTree = "<group>";
		};
		9BB86829223872C600FEED63 /* LaunchScreen.storyboard */ = {
			isa = PBXVariantGroup;
			children = (
				9BB8682A223872C600FEED63 /* Base */,
			);
			name = LaunchScreen.storyboard;
			sourceTree = "<group>";
		};
/* End PBXVariantGroup section */

/* Begin XCBuildConfiguration section */
		9BB86843223872C600FEED63 /* Debug */ = {
			isa = XCBuildConfiguration;
			buildSettings = {
				ALWAYS_SEARCH_USER_PATHS = NO;
				CLANG_ANALYZER_NONNULL = YES;
				CLANG_ANALYZER_NUMBER_OBJECT_CONVERSION = YES_AGGRESSIVE;
				CLANG_CXX_LANGUAGE_STANDARD = "gnu++14";
				CLANG_CXX_LIBRARY = "libc++";
				CLANG_ENABLE_MODULES = YES;
				CLANG_ENABLE_OBJC_ARC = YES;
				CLANG_ENABLE_OBJC_WEAK = YES;
				CLANG_WARN_BLOCK_CAPTURE_AUTORELEASING = YES;
				CLANG_WARN_BOOL_CONVERSION = YES;
				CLANG_WARN_COMMA = YES;
				CLANG_WARN_CONSTANT_CONVERSION = YES;
				CLANG_WARN_DEPRECATED_OBJC_IMPLEMENTATIONS = YES;
				CLANG_WARN_DIRECT_OBJC_ISA_USAGE = YES_ERROR;
				CLANG_WARN_DOCUMENTATION_COMMENTS = YES;
				CLANG_WARN_EMPTY_BODY = YES;
				CLANG_WARN_ENUM_CONVERSION = YES;
				CLANG_WARN_INFINITE_RECURSION = YES;
				CLANG_WARN_INT_CONVERSION = YES;
				CLANG_WARN_NON_LITERAL_NULL_CONVERSION = YES;
				CLANG_WARN_OBJC_IMPLICIT_RETAIN_SELF = YES;
				CLANG_WARN_OBJC_LITERAL_CONVERSION = YES;
				CLANG_WARN_OBJC_ROOT_CLASS = YES_ERROR;
				CLANG_WARN_RANGE_LOOP_ANALYSIS = YES;
				CLANG_WARN_STRICT_PROTOTYPES = YES;
				CLANG_WARN_SUSPICIOUS_MOVE = YES;
				CLANG_WARN_UNGUARDED_AVAILABILITY = YES_AGGRESSIVE;
				CLANG_WARN_UNREACHABLE_CODE = YES;
				CLANG_WARN__DUPLICATE_METHOD_MATCH = YES;
				CODE_SIGN_IDENTITY = "iPhone Developer";
				COPY_PHASE_STRIP = NO;
				DEBUG_INFORMATION_FORMAT = dwarf;
				ENABLE_STRICT_OBJC_MSGSEND = YES;
				ENABLE_TESTABILITY = YES;
				GCC_C_LANGUAGE_STANDARD = gnu11;
				GCC_DYNAMIC_NO_PIC = NO;
				GCC_NO_COMMON_BLOCKS = YES;
				GCC_OPTIMIZATION_LEVEL = 0;
				GCC_PREPROCESSOR_DEFINITIONS = (
					"DEBUG=1",
					"$(inherited)",
				);
				GCC_WARN_64_TO_32_BIT_CONVERSION = YES;
				GCC_WARN_ABOUT_RETURN_TYPE = YES_ERROR;
				GCC_WARN_UNDECLARED_SELECTOR = YES;
				GCC_WARN_UNINITIALIZED_AUTOS = YES_AGGRESSIVE;
				GCC_WARN_UNUSED_FUNCTION = YES;
				GCC_WARN_UNUSED_VARIABLE = YES;
				IPHONEOS_DEPLOYMENT_TARGET = 12.1;
				MTL_ENABLE_DEBUG_INFO = INCLUDE_SOURCE;
				MTL_FAST_MATH = YES;
				ONLY_ACTIVE_ARCH = YES;
				SDKROOT = iphoneos;
				SWIFT_ACTIVE_COMPILATION_CONDITIONS = DEBUG;
				SWIFT_OPTIMIZATION_LEVEL = "-Onone";
			};
			name = Debug;
		};
		9BB86844223872C600FEED63 /* Release */ = {
			isa = XCBuildConfiguration;
			buildSettings = {
				ALWAYS_SEARCH_USER_PATHS = NO;
				CLANG_ANALYZER_NONNULL = YES;
				CLANG_ANALYZER_NUMBER_OBJECT_CONVERSION = YES_AGGRESSIVE;
				CLANG_CXX_LANGUAGE_STANDARD = "gnu++14";
				CLANG_CXX_LIBRARY = "libc++";
				CLANG_ENABLE_MODULES = YES;
				CLANG_ENABLE_OBJC_ARC = YES;
				CLANG_ENABLE_OBJC_WEAK = YES;
				CLANG_WARN_BLOCK_CAPTURE_AUTORELEASING = YES;
				CLANG_WARN_BOOL_CONVERSION = YES;
				CLANG_WARN_COMMA = YES;
				CLANG_WARN_CONSTANT_CONVERSION = YES;
				CLANG_WARN_DEPRECATED_OBJC_IMPLEMENTATIONS = YES;
				CLANG_WARN_DIRECT_OBJC_ISA_USAGE = YES_ERROR;
				CLANG_WARN_DOCUMENTATION_COMMENTS = YES;
				CLANG_WARN_EMPTY_BODY = YES;
				CLANG_WARN_ENUM_CONVERSION = YES;
				CLANG_WARN_INFINITE_RECURSION = YES;
				CLANG_WARN_INT_CONVERSION = YES;
				CLANG_WARN_NON_LITERAL_NULL_CONVERSION = YES;
				CLANG_WARN_OBJC_IMPLICIT_RETAIN_SELF = YES;
				CLANG_WARN_OBJC_LITERAL_CONVERSION = YES;
				CLANG_WARN_OBJC_ROOT_CLASS = YES_ERROR;
				CLANG_WARN_RANGE_LOOP_ANALYSIS = YES;
				CLANG_WARN_STRICT_PROTOTYPES = YES;
				CLANG_WARN_SUSPICIOUS_MOVE = YES;
				CLANG_WARN_UNGUARDED_AVAILABILITY = YES_AGGRESSIVE;
				CLANG_WARN_UNREACHABLE_CODE = YES;
				CLANG_WARN__DUPLICATE_METHOD_MATCH = YES;
				CODE_SIGN_IDENTITY = "iPhone Developer";
				COPY_PHASE_STRIP = NO;
				DEBUG_INFORMATION_FORMAT = "dwarf-with-dsym";
				ENABLE_NS_ASSERTIONS = NO;
				ENABLE_STRICT_OBJC_MSGSEND = YES;
				GCC_C_LANGUAGE_STANDARD = gnu11;
				GCC_NO_COMMON_BLOCKS = YES;
				GCC_WARN_64_TO_32_BIT_CONVERSION = YES;
				GCC_WARN_ABOUT_RETURN_TYPE = YES_ERROR;
				GCC_WARN_UNDECLARED_SELECTOR = YES;
				GCC_WARN_UNINITIALIZED_AUTOS = YES_AGGRESSIVE;
				GCC_WARN_UNUSED_FUNCTION = YES;
				GCC_WARN_UNUSED_VARIABLE = YES;
				IPHONEOS_DEPLOYMENT_TARGET = 12.1;
				MTL_ENABLE_DEBUG_INFO = NO;
				MTL_FAST_MATH = YES;
				SDKROOT = iphoneos;
				SWIFT_COMPILATION_MODE = wholemodule;
				SWIFT_OPTIMIZATION_LEVEL = "-O";
				VALIDATE_PRODUCT = YES;
			};
			name = Release;
		};
		9BB86846223872C600FEED63 /* Debug */ = {
			isa = XCBuildConfiguration;
			buildSettings = {
				ASSETCATALOG_COMPILER_APPICON_NAME = AppIcon;
				CODE_SIGN_STYLE = Automatic;
				INFOPLIST_FILE = Day9_W2019_iOS_PList/Info.plist;
				LD_RUNPATH_SEARCH_PATHS = (
					"$(inherited)",
					"@executable_path/Frameworks",
				);
				PRODUCT_BUNDLE_IDENTIFIER = "CestarCollege.Day9-W2019-iOS-PList";
				PRODUCT_NAME = "$(TARGET_NAME)";
				SWIFT_VERSION = 4.2;
				TARGETED_DEVICE_FAMILY = "1,2";
			};
			name = Debug;
		};
		9BB86847223872C600FEED63 /* Release */ = {
			isa = XCBuildConfiguration;
			buildSettings = {
				ASSETCATALOG_COMPILER_APPICON_NAME = AppIcon;
				CODE_SIGN_STYLE = Automatic;
				INFOPLIST_FILE = Day9_W2019_iOS_PList/Info.plist;
				LD_RUNPATH_SEARCH_PATHS = (
					"$(inherited)",
					"@executable_path/Frameworks",
				);
				PRODUCT_BUNDLE_IDENTIFIER = "CestarCollege.Day9-W2019-iOS-PList";
				PRODUCT_NAME = "$(TARGET_NAME)";
				SWIFT_VERSION = 4.2;
				TARGETED_DEVICE_FAMILY = "1,2";
			};
			name = Release;
		};
		9BB86849223872C600FEED63 /* Debug */ = {
			isa = XCBuildConfiguration;
			buildSettings = {
				ALWAYS_EMBED_SWIFT_STANDARD_LIBRARIES = YES;
				BUNDLE_LOADER = "$(TEST_HOST)";
				CODE_SIGN_STYLE = Automatic;
				INFOPLIST_FILE = Day9_W2019_iOS_PListTests/Info.plist;
				LD_RUNPATH_SEARCH_PATHS = (
					"$(inherited)",
					"@executable_path/Frameworks",
					"@loader_path/Frameworks",
				);
				PRODUCT_BUNDLE_IDENTIFIER = "CestarCollege.Day9-W2019-iOS-PListTests";
				PRODUCT_NAME = "$(TARGET_NAME)";
				SWIFT_VERSION = 4.2;
				TARGETED_DEVICE_FAMILY = "1,2";
				TEST_HOST = "$(BUILT_PRODUCTS_DIR)/Day9_W2019_iOS_PList.app/Day9_W2019_iOS_PList";
			};
			name = Debug;
		};
		9BB8684A223872C600FEED63 /* Release */ = {
			isa = XCBuildConfiguration;
			buildSettings = {
				ALWAYS_EMBED_SWIFT_STANDARD_LIBRARIES = YES;
				BUNDLE_LOADER = "$(TEST_HOST)";
				CODE_SIGN_STYLE = Automatic;
				INFOPLIST_FILE = Day9_W2019_iOS_PListTests/Info.plist;
				LD_RUNPATH_SEARCH_PATHS = (
					"$(inherited)",
					"@executable_path/Frameworks",
					"@loader_path/Frameworks",
				);
				PRODUCT_BUNDLE_IDENTIFIER = "CestarCollege.Day9-W2019-iOS-PListTests";
				PRODUCT_NAME = "$(TARGET_NAME)";
				SWIFT_VERSION = 4.2;
				TARGETED_DEVICE_FAMILY = "1,2";
				TEST_HOST = "$(BUILT_PRODUCTS_DIR)/Day9_W2019_iOS_PList.app/Day9_W2019_iOS_PList";
			};
			name = Release;
		};
		9BB8684C223872C600FEED63 /* Debug */ = {
			isa = XCBuildConfiguration;
			buildSettings = {
				ALWAYS_EMBED_SWIFT_STANDARD_LIBRARIES = YES;
				CODE_SIGN_STYLE = Automatic;
				INFOPLIST_FILE = Day9_W2019_iOS_PListUITests/Info.plist;
				LD_RUNPATH_SEARCH_PATHS = (
					"$(inherited)",
					"@executable_path/Frameworks",
					"@loader_path/Frameworks",
				);
				PRODUCT_BUNDLE_IDENTIFIER = "CestarCollege.Day9-W2019-iOS-PListUITests";
				PRODUCT_NAME = "$(TARGET_NAME)";
				SWIFT_VERSION = 4.2;
				TARGETED_DEVICE_FAMILY = "1,2";
				TEST_TARGET_NAME = Day9_W2019_iOS_PList;
			};
			name = Debug;
		};
		9BB8684D223872C600FEED63 /* Release */ = {
			isa = XCBuildConfiguration;
			buildSettings = {
				ALWAYS_EMBED_SWIFT_STANDARD_LIBRARIES = YES;
				CODE_SIGN_STYLE = Automatic;
				INFOPLIST_FILE = Day9_W2019_iOS_PListUITests/Info.plist;
				LD_RUNPATH_SEARCH_PATHS = (
					"$(inherited)",
					"@executable_path/Frameworks",
					"@loader_path/Frameworks",
				);
				PRODUCT_BUNDLE_IDENTIFIER = "CestarCollege.Day9-W2019-iOS-PListUITests";
				PRODUCT_NAME = "$(TARGET_NAME)";
				SWIFT_VERSION = 4.2;
				TARGETED_DEVICE_FAMILY = "1,2";
				TEST_TARGET_NAME = Day9_W2019_iOS_PList;
			};
			name = Release;
		};
/* End XCBuildConfiguration section */

/* Begin XCConfigurationList section */
		9BB86818223872C500FEED63 /* Build configuration list for PBXProject "Day9_W2019_iOS_PList" */ = {
			isa = XCConfigurationList;
			buildConfigurations = (
				9BB86843223872C600FEED63 /* Debug */,
				9BB86844223872C600FEED63 /* Release */,
			);
			defaultConfigurationIsVisible = 0;
			defaultConfigurationName = Release;
		};
		9BB86845223872C600FEED63 /* Build configuration list for PBXNativeTarget "Day9_W2019_iOS_PList" */ = {
			isa = XCConfigurationList;
			buildConfigurations = (
				9BB86846223872C600FEED63 /* Debug */,
				9BB86847223872C600FEED63 /* Release */,
			);
			defaultConfigurationIsVisible = 0;
			defaultConfigurationName = Release;
		};
		9BB86848223872C600FEED63 /* Build configuration list for PBXNativeTarget "Day9_W2019_iOS_PListTests" */ = {
			isa = XCConfigurationList;
			buildConfigurations = (
				9BB86849223872C600FEED63 /* Debug */,
				9BB8684A223872C600FEED63 /* Release */,
			);
			defaultConfigurationIsVisible = 0;
			defaultConfigurationName = Release;
		};
		9BB8684B223872C600FEED63 /* Build configuration list for PBXNativeTarget "Day9_W2019_iOS_PListUITests" */ = {
			isa = XCConfigurationList;
			buildConfigurations = (
				9BB8684C223872C600FEED63 /* Debug */,
				9BB8684D223872C600FEED63 /* Release */,
			);
			defaultConfigurationIsVisible = 0;
			defaultConfigurationName = Release;
		};
/* End XCConfigurationList section */
	};
	rootObject = 9BB86815223872C500FEED63 /* Project object */;
}
